
Microsoft Visual Studio Solution File, Format Version 12.00
# Visual Studio Version 17
VisualStudioVersion = 17.5.33530.505
MinimumVisualStudioVersion = 10.0.40219.1
Project("{FAE04EC0-301F-11D3-BF4B-00C04F79EFBC}") = "API", "API\API.csproj", "{3AFF8592-C8F3-4A09-A527-203C2335E5E0}"
EndProject
Global
	GlobalSection(SolutionConfigurationPlatforms) = preSolution
		Debug|Any CPU = Debug|Any CPU
		Release|Any CPU = Release|Any CPU
	EndGlobalSection
	GlobalSection(ProjectConfigurationPlatforms) = postSolution
		{3AFF8592-C8F3-4A09-A527-203C2335E5E0}.Debug|Any CPU.ActiveCfg = Debug|Any CPU
		{3AFF8592-C8F3-4A09-A527-203C2335E5E0}.Debug|Any CPU.Build.0 = Debug|Any CPU
		{3AFF8592-C8F3-4A09-A527-203C2335E5E0}.Release|Any CPU.ActiveCfg = Release|Any CPU
		{3AFF8592-C8F3-4A09-A527-203C2335E5E0}.Release|Any CPU.Build.0 = Release|Any CPU
	EndGlobalSection
	GlobalSection(SolutionProperties) = preSolution
		HideSolutionNode = FALSE
	EndGlobalSection
	GlobalSection(ExtensibilityGlobals) = postSolution
		SolutionGuid = {C61CA4A1-D10E-4FF7-8485-04068A05CAB1}
	EndGlobalSection
EndGlobal
